
Microsoft Visual Studio Solution File, Format Version 12.00
# Visual Studio Version 16
VisualStudioVersion = 16.0.30907.101
MinimumVisualStudioVersion = 10.0.40219.1
Project("{FAE04EC0-301F-11D3-BF4B-00C04F79EFBC}") = "SignalRChat", "SignalRChat.csproj", "{50111AE0-CC39-40C9-9F82-67B9C8571A4B}"
EndProject
Project("{FAE04EC0-301F-11D3-BF4B-00C04F79EFBC}") = "Client", "..\Client\Client.csproj", "{5D3C5CEF-F2E0-45E8-82ED-C46BDBBA6A49}"
EndProject
Global
	GlobalSection(SolutionConfigurationPlatforms) = preSolution
		Debug|Any CPU = Debug|Any CPU
		Release|Any CPU = Release|Any CPU
	EndGlobalSection
	GlobalSection(ProjectConfigurationPlatforms) = postSolution
		{50111AE0-CC39-40C9-9F82-67B9C8571A4B}.Debug|Any CPU.ActiveCfg = Debug|Any CPU
		{50111AE0-CC39-40C9-9F82-67B9C8571A4B}.Debug|Any CPU.Build.0 = Debug|Any CPU
		{50111AE0-CC39-40C9-9F82-67B9C8571A4B}.Release|Any CPU.ActiveCfg = Release|Any CPU
		{50111AE0-CC39-40C9-9F82-67B9C8571A4B}.Release|Any CPU.Build.0 = Release|Any CPU
		{5D3C5CEF-F2E0-45E8-82ED-C46BDBBA6A49}.Debug|Any CPU.ActiveCfg = Debug|Any CPU
		{5D3C5CEF-F2E0-45E8-82ED-C46BDBBA6A49}.Debug|Any CPU.Build.0 = Debug|Any CPU
		{5D3C5CEF-F2E0-45E8-82ED-C46BDBBA6A49}.Release|Any CPU.ActiveCfg = Release|Any CPU
		{5D3C5CEF-F2E0-45E8-82ED-C46BDBBA6A49}.Release|Any CPU.Build.0 = Release|Any CPU
	EndGlobalSection
	GlobalSection(SolutionProperties) = preSolution
		HideSolutionNode = FALSE
	EndGlobalSection
	GlobalSection(ExtensibilityGlobals) = postSolution
		SolutionGuid = {B6EBE898-050E-433E-B447-CED8EB5D3186}
	EndGlobalSection
EndGlobal
